
Microsoft Visual Studio Solution File, Format Version 12.00
# Visual Studio Version 17
VisualStudioVersion = 17.14.36301.6
MinimumVisualStudioVersion = 10.0.40219.1
Project("{FAE04EC0-301F-11D3-BF4B-00C04F79EFBC}") = "VendingMachineApp", "VendingMachineApp.csproj", "{F389F09D-30F6-496C-800A-C31014C65DAA}"
EndProject
Project("{FAE04EC0-301F-11D3-BF4B-00C04F79EFBC}") = "VendingMachineApp.nUnit", "..\VendingMachineApp.nUnit\VendingMachineApp.nUnit.csproj", "{6A199587-3833-433C-B516-5E7BD3D2CAB7}"
EndProject
Global
	GlobalSection(SolutionConfigurationPlatforms) = preSolution
		Debug|Any CPU = Debug|Any CPU
		Release|Any CPU = Release|Any CPU
	EndGlobalSection
	GlobalSection(ProjectConfigurationPlatforms) = postSolution
		{F389F09D-30F6-496C-800A-C31014C65DAA}.Debug|Any CPU.ActiveCfg = Debug|Any CPU
		{F389F09D-30F6-496C-800A-C31014C65DAA}.Debug|Any CPU.Build.0 = Debug|Any CPU
		{F389F09D-30F6-496C-800A-C31014C65DAA}.Release|Any CPU.ActiveCfg = Release|Any CPU
		{F389F09D-30F6-496C-800A-C31014C65DAA}.Release|Any CPU.Build.0 = Release|Any CPU
		{6A199587-3833-433C-B516-5E7BD3D2CAB7}.Debug|Any CPU.ActiveCfg = Debug|Any CPU
		{6A199587-3833-433C-B516-5E7BD3D2CAB7}.Debug|Any CPU.Build.0 = Debug|Any CPU
		{6A199587-3833-433C-B516-5E7BD3D2CAB7}.Release|Any CPU.ActiveCfg = Release|Any CPU
		{6A199587-3833-433C-B516-5E7BD3D2CAB7}.Release|Any CPU.Build.0 = Release|Any CPU
	EndGlobalSection
	GlobalSection(SolutionProperties) = preSolution
		HideSolutionNode = FALSE
	EndGlobalSection
	GlobalSection(ExtensibilityGlobals) = postSolution
		SolutionGuid = {D328167A-2A58-4242-947E-1015E96B0562}
	EndGlobalSection
EndGlobal
